{
  "name": "js-convo",
  "lockfileVersion": 3,
  "requires": true,
  "packages": {
    "": {
      "dependencies": {
        "qrcode.react": "^3.1.0"
      }
    },
    "node_modules/qrcode.react": {
      "version": "3.1.0",
      "resolved": "https://registry.npmjs.org/qrcode.react/-/qrcode.react-3.1.0.tgz",
      "integrity": "sha512-oyF+Urr3oAMUG/OiOuONL3HXM+53wvuH3mtIWQrYmsXoAq0DkvZp2RYUWFSMFtbdOpuS++9v+WAkzNVkMlNW6Q==",
      "peerDependencies": {
        "react": "^16.8.0 || ^17.0.0 || ^18.0.0"
      }
    }
  }
}
